
Microsoft Visual Studio Solution File, Format Version 12.00
# Visual Studio 15
VisualStudioVersion = 15.0.27428.2015
MinimumVisualStudioVersion = 10.0.40219.1
Project("{FAE04EC0-301F-11D3-BF4B-00C04F79EFBC}") = "xadrez", "xadrez\xadrez.csproj", "{A5AD197E-C947-415F-8B48-96C21C86108D}"
EndProject
Global
	GlobalSection(SolutionConfigurationPlatforms) = preSolution
		Debug|Any CPU = Debug|Any CPU
		Release|Any CPU = Release|Any CPU
	EndGlobalSection
	GlobalSection(ProjectConfigurationPlatforms) = postSolution
		{A5AD197E-C947-415F-8B48-96C21C86108D}.Debug|Any CPU.ActiveCfg = Debug|Any CPU
		{A5AD197E-C947-415F-8B48-96C21C86108D}.Debug|Any CPU.Build.0 = Debug|Any CPU
		{A5AD197E-C947-415F-8B48-96C21C86108D}.Release|Any CPU.ActiveCfg = Release|Any CPU
		{A5AD197E-C947-415F-8B48-96C21C86108D}.Release|Any CPU.Build.0 = Release|Any CPU
	EndGlobalSection
	GlobalSection(SolutionProperties) = preSolution
		HideSolutionNode = FALSE
	EndGlobalSection
	GlobalSection(ExtensibilityGlobals) = postSolution
		SolutionGuid = {F11CFF2A-B7B6-4D6E-9F7B-469A03FFD3E3}
	EndGlobalSection
EndGlobal
